
Microsoft Visual Studio Solution File, Format Version 12.00
# Visual Studio Version 16
VisualStudioVersion = 16.0.34031.81
MinimumVisualStudioVersion = 10.0.40219.1
Project("{FAE04EC0-301F-11D3-BF4B-00C04F79EFBC}") = "EX1", "EX1\EX1.csproj", "{B546BBF0-2CAA-494D-86D8-F2714A72F776}"
EndProject
Project("{FAE04EC0-301F-11D3-BF4B-00C04F79EFBC}") = "EX2", "EX2\EX2.csproj", "{78082CC2-4A31-4460-86F0-F5361436FDFA}"
EndProject
Project("{FAE04EC0-301F-11D3-BF4B-00C04F79EFBC}") = "EX3", "EX3\EX3.csproj", "{E6546EF0-3B45-4DEE-8298-55E20EAE05BC}"
EndProject
Project("{FAE04EC0-301F-11D3-BF4B-00C04F79EFBC}") = "EX4_ListSo", "EX4_ListSo\EX4_ListSo.csproj", "{E94F034A-7E3E-4EA5-81F4-145ACB1BD537}"
EndProject
Project("{FAE04EC0-301F-11D3-BF4B-00C04F79EFBC}") = "EX5", "EX5\EX5.csproj", "{2DF4D0E9-1AA3-4084-80E4-0117B73D96D5}"
EndProject
Project("{FAE04EC0-301F-11D3-BF4B-00C04F79EFBC}") = "EX6", "EX6\EX6.csproj", "{1499EAD8-A28B-4721-985D-3CE7A69FF583}"
EndProject
Project("{FAE04EC0-301F-11D3-BF4B-00C04F79EFBC}") = "EX7", "EX7\EX7.csproj", "{3714FA4D-0836-4AD8-9C6B-ADF3BD8221CB}"
EndProject
Project("{FAE04EC0-301F-11D3-BF4B-00C04F79EFBC}") = "EX8", "EX8\EX8.csproj", "{DD46D363-69D0-4FF8-A096-DDB74F1CBDB7}"
EndProject
Project("{FAE04EC0-301F-11D3-BF4B-00C04F79EFBC}") = "EX9", "EX9\EX9.csproj", "{88F0B789-B04B-4794-B016-F2A2F2847DD2}"
EndProject
Global
	GlobalSection(SolutionConfigurationPlatforms) = preSolution
		Debug|Any CPU = Debug|Any CPU
		Release|Any CPU = Release|Any CPU
	EndGlobalSection
	GlobalSection(ProjectConfigurationPlatforms) = postSolution
		{B546BBF0-2CAA-494D-86D8-F2714A72F776}.Debug|Any CPU.ActiveCfg = Debug|Any CPU
		{B546BBF0-2CAA-494D-86D8-F2714A72F776}.Debug|Any CPU.Build.0 = Debug|Any CPU
		{B546BBF0-2CAA-494D-86D8-F2714A72F776}.Release|Any CPU.ActiveCfg = Release|Any CPU
		{B546BBF0-2CAA-494D-86D8-F2714A72F776}.Release|Any CPU.Build.0 = Release|Any CPU
		{78082CC2-4A31-4460-86F0-F5361436FDFA}.Debug|Any CPU.ActiveCfg = Debug|Any CPU
		{78082CC2-4A31-4460-86F0-F5361436FDFA}.Debug|Any CPU.Build.0 = Debug|Any CPU
		{78082CC2-4A31-4460-86F0-F5361436FDFA}.Release|Any CPU.ActiveCfg = Release|Any CPU
		{78082CC2-4A31-4460-86F0-F5361436FDFA}.Release|Any CPU.Build.0 = Release|Any CPU
		{E6546EF0-3B45-4DEE-8298-55E20EAE05BC}.Debug|Any CPU.ActiveCfg = Debug|Any CPU
		{E6546EF0-3B45-4DEE-8298-55E20EAE05BC}.Debug|Any CPU.Build.0 = Debug|Any CPU
		{E6546EF0-3B45-4DEE-8298-55E20EAE05BC}.Release|Any CPU.ActiveCfg = Release|Any CPU
		{E6546EF0-3B45-4DEE-8298-55E20EAE05BC}.Release|Any CPU.Build.0 = Release|Any CPU
		{E94F034A-7E3E-4EA5-81F4-145ACB1BD537}.Debug|Any CPU.ActiveCfg = Debug|Any CPU
		{E94F034A-7E3E-4EA5-81F4-145ACB1BD537}.Debug|Any CPU.Build.0 = Debug|Any CPU
		{E94F034A-7E3E-4EA5-81F4-145ACB1BD537}.Release|Any CPU.ActiveCfg = Release|Any CPU
		{E94F034A-7E3E-4EA5-81F4-145ACB1BD537}.Release|Any CPU.Build.0 = Release|Any CPU
		{2DF4D0E9-1AA3-4084-80E4-0117B73D96D5}.Debug|Any CPU.ActiveCfg = Debug|Any CPU
		{2DF4D0E9-1AA3-4084-80E4-0117B73D96D5}.Debug|Any CPU.Build.0 = Debug|Any CPU
		{2DF4D0E9-1AA3-4084-80E4-0117B73D96D5}.Release|Any CPU.ActiveCfg = Release|Any CPU
		{2DF4D0E9-1AA3-4084-80E4-0117B73D96D5}.Release|Any CPU.Build.0 = Release|Any CPU
		{1499EAD8-A28B-4721-985D-3CE7A69FF583}.Debug|Any CPU.ActiveCfg = Debug|Any CPU
		{1499EAD8-A28B-4721-985D-3CE7A69FF583}.Debug|Any CPU.Build.0 = Debug|Any CPU
		{1499EAD8-A28B-4721-985D-3CE7A69FF583}.Release|Any CPU.ActiveCfg = Release|Any CPU
		{1499EAD8-A28B-4721-985D-3CE7A69FF583}.Release|Any CPU.Build.0 = Release|Any CPU
		{3714FA4D-0836-4AD8-9C6B-ADF3BD8221CB}.Debug|Any CPU.ActiveCfg = Debug|Any CPU
		{3714FA4D-0836-4AD8-9C6B-ADF3BD8221CB}.Debug|Any CPU.Build.0 = Debug|Any CPU
		{3714FA4D-0836-4AD8-9C6B-ADF3BD8221CB}.Release|Any CPU.ActiveCfg = Release|Any CPU
		{3714FA4D-0836-4AD8-9C6B-ADF3BD8221CB}.Release|Any CPU.Build.0 = Release|Any CPU
		{DD46D363-69D0-4FF8-A096-DDB74F1CBDB7}.Debug|Any CPU.ActiveCfg = Debug|Any CPU
		{DD46D363-69D0-4FF8-A096-DDB74F1CBDB7}.Debug|Any CPU.Build.0 = Debug|Any CPU
		{DD46D363-69D0-4FF8-A096-DDB74F1CBDB7}.Release|Any CPU.ActiveCfg = Release|Any CPU
		{DD46D363-69D0-4FF8-A096-DDB74F1CBDB7}.Release|Any CPU.Build.0 = Release|Any CPU
		{88F0B789-B04B-4794-B016-F2A2F2847DD2}.Debug|Any CPU.ActiveCfg = Debug|Any CPU
		{88F0B789-B04B-4794-B016-F2A2F2847DD2}.Debug|Any CPU.Build.0 = Debug|Any CPU
		{88F0B789-B04B-4794-B016-F2A2F2847DD2}.Release|Any CPU.ActiveCfg = Release|Any CPU
		{88F0B789-B04B-4794-B016-F2A2F2847DD2}.Release|Any CPU.Build.0 = Release|Any CPU
	EndGlobalSection
	GlobalSection(SolutionProperties) = preSolution
		HideSolutionNode = FALSE
	EndGlobalSection
	GlobalSection(ExtensibilityGlobals) = postSolution
		SolutionGuid = {5E21CAC2-4959-4A23-B385-6FDF5D696DD3}
	EndGlobalSection
EndGlobal
